<?xml version="1.0" encoding="utf-8"?>
<Project ToolsVersion="4.0" xmlns="http://schemas.microsoft.com/developer/msbuild/2003">
  <ItemGroup>
    <Filter Include="Source Files">
      <UniqueIdentifier>{4FC737F1-C7A5-4376-A066-2A32D752A2FF}</UniqueIdentifier>
      <Extensions>cpp;c;cc;cxx;def;odl;idl;hpj;bat;asm;asmx</Extensions>
    </Filter>
    <Filter Include="Header Files">
      <UniqueIdentifier>{93995380-89BD-4b04-88EB-625FBE52EBFB}</UniqueIdentifier>
      <Extensions>h;hh;hpp;hxx;hm;inl;inc;ipp;xsd</Extensions>
    </Filter>
    <Filter Include="Resource Files">
      <UniqueIdentifier>{67DA6AB6-F800-4c08-8B7A-83BB121AAD01}</UniqueIdentifier>
      <Extensions>rc;ico;cur;bmp;dlg;rc2;rct;bin;rgs;gif;jpg;jpeg;jpe;resx;tiff;tif;png;wav;mfcribbon-ms</Extensions>
    </Filter>
  </ItemGroup>
  <ItemGroup>
    <ClInclude Include="..\includes\utils\camera.h">
      <Filter>Header Files</Filter>
    </ClInclude>
    <ClInclude Include="..\includes\utils\filesystem.h">
      <Filter>Header Files</Filter>
    </ClInclude>
    <ClInclude Include="..\includes\utils\mesh.h">
      <Filter>Header Files</Filter>
    </ClInclude>
    <ClInclude Include="..\includes\utils\model.h">
      <Filter>Header Files</Filter>
    </ClInclude>
    <ClInclude Include="..\includes\utils\shader.h">
      <Filter>Header Files</Filter>
    </ClInclude>
    <ClInclude Include="..\includes\utils\shader_m.h">
      <Filter>Header Files</Filter>
    </ClInclude>
    <ClInclude Include="..\includes\utils\shader_s.h">
      <Filter>Header Files</Filter>
    </ClInclude>
  </ItemGroup>
  <ItemGroup>
    <None Include="..\res\advect.comp">
      <Filter>Resource Files</Filter>
    </None>
    <None Include="..\res\applyBuoyancy.comp">
      <Filter>Resource Files</Filter>
    </None>
    <None Include="..\res\applyImpulse.comp">
      <Filter>Resource Files</Filter>
    </None>
    <None Include="..\res\clear.comp">
      <Filter>Resource Files</Filter>
    </None>
    <None Include="..\res\computeDivergence.comp">
      <Filter>Resource Files</Filter>
    </None>
    <None Include="..\res\custom_buffer.fs">
      <Filter>Resource Files</Filter>
    </None>
    <None Include="..\res\custom_buffer.vs">
      <Filter>Resource Files</Filter>
    </None>
    <None Include="..\res\Jacobi.comp">
      <Filter>Resource Files</Filter>
    </None>
    <None Include="..\res\subtractGradient.comp">
      <Filter>Resource Files</Filter>
    </None>
    <None Include="..\res\push.comp">
      <Filter>Resource Files</Filter>
    </None>
    <None Include="..\res\vorticity.comp">
      <Filter>Resource Files</Filter>
    </None>
  </ItemGroup>
  <ItemGroup>
    <ClCompile Include="..\src\Fluid.cpp">
      <Filter>Source Files</Filter>
    </ClCompile>
  </ItemGroup>
</Project>